// !$*UTF8*$!
{
	archiveVersion = 1;
	classes = {
	};
	objectVersion = 50;
	objects = {

/* Begin PBXBuildFile section */
		52CA39D222EE5A40005E6396 /* beachNotes.txt in Resources */ = {isa = PBXBuildFile; fileRef = 52CA39D122EE5A40005E6396 /* beachNotes.txt */; };
		52CA39D822EE66B9005E6396 /* extensionBeach.swift in Sources */ = {isa = PBXBuildFile; fileRef = 52CA39D722EE66B9005E6396 /* extensionBeach.swift */; };
		52D81DB722ED8FBB004B8431 /* AppDelegate.swift in Sources */ = {isa = PBXBuildFile; fileRef = 52D81DB622ED8FBB004B8431 /* AppDelegate.swift */; };
		52D81DB922ED8FBB004B8431 /* BeachListViewController.swift in Sources */ = {isa = PBXBuildFile; fileRef = 52D81DB822ED8FBB004B8431 /* BeachListViewController.swift */; };
		52D81DBC22ED8FBB004B8431 /* Main.storyboard in Resources */ = {isa = PBXBuildFile; fileRef = 52D81DBA22ED8FBB004B8431 /* Main.storyboard */; };
		52D81DBE22ED8FBC004B8431 /* Assets.xcassets in Resources */ = {isa = PBXBuildFile; fileRef = 52D81DBD22ED8FBC004B8431 /* Assets.xcassets */; };
		52D81DC122ED8FBC004B8431 /* LaunchScreen.storyboard in Resources */ = {isa = PBXBuildFile; fileRef = 52D81DBF22ED8FBC004B8431 /* LaunchScreen.storyboard */; };
		52D81DCD22ED9ED1004B8431 /* Beach.swift in Sources */ = {isa = PBXBuildFile; fileRef = 52D81DCC22ED9ED1004B8431 /* Beach.swift */; };
		52D81DCF22EDBEE1004B8431 /* BeachViewController.swift in Sources */ = {isa = PBXBuildFile; fileRef = 52D81DCE22EDBEE1004B8431 /* BeachViewController.swift */; };
/* End PBXBuildFile section */

/* Begin PBXFileReference section */
		52CA39D122EE5A40005E6396 /* beachNotes.txt */ = {isa = PBXFileReference; fileEncoding = 4; lastKnownFileType = text; name = beachNotes.txt; path = ../../../../../../../Downloads/Beaches/beachNotes.txt; sourceTree = "<group>"; };
		52CA39D722EE66B9005E6396 /* extensionBeach.swift */ = {isa = PBXFileReference; lastKnownFileType = sourcecode.swift; path = extensionBeach.swift; sourceTree = "<group>"; };
		52D81DB322ED8FBB004B8431 /* Beaches rating (MVC).app */ = {isa = PBXFileReference; explicitFileType = wrapper.application; includeInIndex = 0; path = "Beaches rating (MVC).app"; sourceTree = BUILT_PRODUCTS_DIR; };
		52D81DB622ED8FBB004B8431 /* AppDelegate.swift */ = {isa = PBXFileReference; lastKnownFileType = sourcecode.swift; path = AppDelegate.swift; sourceTree = "<group>"; };
		52D81DB822ED8FBB004B8431 /* BeachListViewController.swift */ = {isa = PBXFileReference; lastKnownFileType = sourcecode.swift; path = BeachListViewController.swift; sourceTree = "<group>"; };
		52D81DBB22ED8FBB004B8431 /* Base */ = {isa = PBXFileReference; lastKnownFileType = file.storyboard; name = Base; path = Base.lproj/Main.storyboard; sourceTree = "<group>"; };
		52D81DBD22ED8FBC004B8431 /* Assets.xcassets */ = {isa = PBXFileReference; lastKnownFileType = folder.assetcatalog; path = Assets.xcassets; sourceTree = "<group>"; };
		52D81DC022ED8FBC004B8431 /* Base */ = {isa = PBXFileReference; lastKnownFileType = file.storyboard; name = Base; path = Base.lproj/LaunchScreen.storyboard; sourceTree = "<group>"; };
		52D81DC222ED8FBC004B8431 /* Info.plist */ = {isa = PBXFileReference; lastKnownFileType = text.plist.xml; path = Info.plist; sourceTree = "<group>"; };
		52D81DCC22ED9ED1004B8431 /* Beach.swift */ = {isa = PBXFileReference; lastKnownFileType = sourcecode.swift; path = Beach.swift; sourceTree = "<group>"; };
		52D81DCE22EDBEE1004B8431 /* BeachViewController.swift */ = {isa = PBXFileReference; lastKnownFileType = sourcecode.swift; path = BeachViewController.swift; sourceTree = "<group>"; };
/* End PBXFileReference section */

/* Begin PBXFrameworksBuildPhase section */
		52D81DB022ED8FBB004B8431 /* Frameworks */ = {
			isa = PBXFrameworksBuildPhase;
			buildActionMask = 2147483647;
			files = (
			);
			runOnlyForDeploymentPostprocessing = 0;
		};
/* End PBXFrameworksBuildPhase section */

/* Begin PBXGroup section */
		52D81DAA22ED8FBB004B8431 = {
			isa = PBXGroup;
			children = (
				52D81DB522ED8FBB004B8431 /* Beaches rating (MVC) */,
				52D81DB422ED8FBB004B8431 /* Products */,
			);
			sourceTree = "<group>";
		};
		52D81DB422ED8FBB004B8431 /* Products */ = {
			isa = PBXGroup;
			children = (
				52D81DB322ED8FBB004B8431 /* Beaches rating (MVC).app */,
			);
			name = Products;
			sourceTree = "<group>";
		};
		52D81DB522ED8FBB004B8431 /* Beaches rating (MVC) */ = {
			isa = PBXGroup;
			children = (
				52D81DC822ED9163004B8431 /* Controllers */,
				52D81DCB22ED9E79004B8431 /* Model */,
				52D81DCA22ED9272004B8431 /* Supporting files */,
				52D81DC922ED91A6004B8431 /* Views */,
			);
			path = "Beaches rating (MVC)";
			sourceTree = "<group>";
		};
		52D81DC822ED9163004B8431 /* Controllers */ = {
			isa = PBXGroup;
			children = (
				52D81DB822ED8FBB004B8431 /* BeachListViewController.swift */,
				52D81DCE22EDBEE1004B8431 /* BeachViewController.swift */,
			);
			name = Controllers;
			sourceTree = "<group>";
		};
		52D81DC922ED91A6004B8431 /* Views */ = {
			isa = PBXGroup;
			children = (
				52D81DBA22ED8FBB004B8431 /* Main.storyboard */,
				52D81DBF22ED8FBC004B8431 /* LaunchScreen.storyboard */,
			);
			name = Views;
			sourceTree = "<group>";
		};
		52D81DCA22ED9272004B8431 /* Supporting files */ = {
			isa = PBXGroup;
			children = (
				52D81DB622ED8FBB004B8431 /* AppDelegate.swift */,
				52D81DBD22ED8FBC004B8431 /* Assets.xcassets */,
				52D81DC222ED8FBC004B8431 /* Info.plist */,
			);
			name = "Supporting files";
			sourceTree = "<group>";
		};
		52D81DCB22ED9E79004B8431 /* Model */ = {
			isa = PBXGroup;
			children = (
				52D81DCC22ED9ED1004B8431 /* Beach.swift */,
				52CA39D122EE5A40005E6396 /* beachNotes.txt */,
				52CA39D722EE66B9005E6396 /* extensionBeach.swift */,
			);
			path = Model;
			sourceTree = "<group>";
		};
/* End PBXGroup section */

/* Begin PBXNativeTarget section */
		52D81DB222ED8FBB004B8431 /* Beaches rating (MVC) */ = {
			isa = PBXNativeTarget;
			buildConfigurationList = 52D81DC522ED8FBC004B8431 /* Build configuration list for PBXNativeTarget "Beaches rating (MVC)" */;
			buildPhases = (
				52D81DAF22ED8FBB004B8431 /* Sources */,
				52D81DB022ED8FBB004B8431 /* Frameworks */,
				52D81DB122ED8FBB004B8431 /* Resources */,
			);
			buildRules = (
			);
			dependencies = (
			);
			name = "Beaches rating (MVC)";
			productName = "Beaches rating (MVC)";
			productReference = 52D81DB322ED8FBB004B8431 /* Beaches rating (MVC).app */;
			productType = "com.apple.product-type.application";
		};
/* End PBXNativeTarget section */

/* Begin PBXProject section */
		52D81DAB22ED8FBB004B8431 /* Project object */ = {
			isa = PBXProject;
			attributes = {
				LastSwiftUpdateCheck = 1030;
				LastUpgradeCheck = 1030;
				ORGANIZATIONNAME = "John Kostanov";
				TargetAttributes = {
					52D81DB222ED8FBB004B8431 = {
						CreatedOnToolsVersion = 10.3;
					};
				};
			};
			buildConfigurationList = 52D81DAE22ED8FBB004B8431 /* Build configuration list for PBXProject "Beaches rating (MVC)" */;
			compatibilityVersion = "Xcode 9.3";
			developmentRegion = en;
			hasScannedForEncodings = 0;
			knownRegions = (
				en,
				Base,
			);
			mainGroup = 52D81DAA22ED8FBB004B8431;
			productRefGroup = 52D81DB422ED8FBB004B8431 /* Products */;
			projectDirPath = "";
			projectRoot = "";
			targets = (
				52D81DB222ED8FBB004B8431 /* Beaches rating (MVC) */,
			);
		};
/* End PBXProject section */

/* Begin PBXResourcesBuildPhase section */
		52D81DB122ED8FBB004B8431 /* Resources */ = {
			isa = PBXResourcesBuildPhase;
			buildActionMask = 2147483647;
			files = (
				52D81DC122ED8FBC004B8431 /* LaunchScreen.storyboard in Resources */,
				52CA39D222EE5A40005E6396 /* beachNotes.txt in Resources */,
				52D81DBE22ED8FBC004B8431 /* Assets.xcassets in Resources */,
				52D81DBC22ED8FBB004B8431 /* Main.storyboard in Resources */,
			);
			runOnlyForDeploymentPostprocessing = 0;
		};
/* End PBXResourcesBuildPhase section */

/* Begin PBXSourcesBuildPhase section */
		52D81DAF22ED8FBB004B8431 /* Sources */ = {
			isa = PBXSourcesBuildPhase;
			buildActionMask = 2147483647;
			files = (
				52D81DB922ED8FBB004B8431 /* BeachListViewController.swift in Sources */,
				52CA39D822EE66B9005E6396 /* extensionBeach.swift in Sources */,
				52D81DB722ED8FBB004B8431 /* AppDelegate.swift in Sources */,
				52D81DCF22EDBEE1004B8431 /* BeachViewController.swift in Sources */,
				52D81DCD22ED9ED1004B8431 /* Beach.swift in Sources */,
			);
			runOnlyForDeploymentPostprocessing = 0;
		};
/* End PBXSourcesBuildPhase section */

/* Begin PBXVariantGroup section */
		52D81DBA22ED8FBB004B8431 /* Main.storyboard */ = {
			isa = PBXVariantGroup;
			children = (
				52D81DBB22ED8FBB004B8431 /* Base */,
			);
			name = Main.storyboard;
			sourceTree = "<group>";
		};
		52D81DBF22ED8FBC004B8431 /* LaunchScreen.storyboard */ = {
			isa = PBXVariantGroup;
			children = (
				52D81DC022ED8FBC004B8431 /* Base */,
			);
			name = LaunchScreen.storyboard;
			sourceTree = "<group>";
		};
/* End PBXVariantGroup section */

/* Begin XCBuildConfiguration section */
		52D81DC322ED8FBC004B8431 /* Debug */ = {
			isa = XCBuildConfiguration;
			buildSettings = {
				ALWAYS_SEARCH_USER_PATHS = NO;
				CLANG_ANALYZER_NONNULL = YES;
				CLANG_ANALYZER_NUMBER_OBJECT_CONVERSION = YES_AGGRESSIVE;
				CLANG_CXX_LANGUAGE_STANDARD = "gnu++14";
				CLANG_CXX_LIBRARY = "libc++";
				CLANG_ENABLE_MODULES = YES;
				CLANG_ENABLE_OBJC_ARC = YES;
				CLANG_ENABLE_OBJC_WEAK = YES;
				CLANG_WARN_BLOCK_CAPTURE_AUTORELEASING = YES;
				CLANG_WARN_BOOL_CONVERSION = YES;
				CLANG_WARN_COMMA = YES;
				CLANG_WARN_CONSTANT_CONVERSION = YES;
				CLANG_WARN_DEPRECATED_OBJC_IMPLEMENTATIONS = YES;
				CLANG_WARN_DIRECT_OBJC_ISA_USAGE = YES_ERROR;
				CLANG_WARN_DOCUMENTATION_COMMENTS = YES;
				CLANG_WARN_EMPTY_BODY = YES;
				CLANG_WARN_ENUM_CONVERSION = YES;
				CLANG_WARN_INFINITE_RECURSION = YES;
				CLANG_WARN_INT_CONVERSION = YES;
				CLANG_WARN_NON_LITERAL_NULL_CONVERSION = YES;
				CLANG_WARN_OBJC_IMPLICIT_RETAIN_SELF = YES;
				CLANG_WARN_OBJC_LITERAL_CONVERSION = YES;
				CLANG_WARN_OBJC_ROOT_CLASS = YES_ERROR;
				CLANG_WARN_RANGE_LOOP_ANALYSIS = YES;
				CLANG_WARN_STRICT_PROTOTYPES = YES;
				CLANG_WARN_SUSPICIOUS_MOVE = YES;
				CLANG_WARN_UNGUARDED_AVAILABILITY = YES_AGGRESSIVE;
				CLANG_WARN_UNREACHABLE_CODE = YES;
				CLANG_WARN__DUPLICATE_METHOD_MATCH = YES;
				CODE_SIGN_IDENTITY = "iPhone Developer";
				COPY_PHASE_STRIP = NO;
				DEBUG_INFORMATION_FORMAT = dwarf;
				ENABLE_STRICT_OBJC_MSGSEND = YES;
				ENABLE_TESTABILITY = YES;
				GCC_C_LANGUAGE_STANDARD = gnu11;
				GCC_DYNAMIC_NO_PIC = NO;
				GCC_NO_COMMON_BLOCKS = YES;
				GCC_OPTIMIZATION_LEVEL = 0;
				GCC_PREPROCESSOR_DEFINITIONS = (
					"DEBUG=1",
					"$(inherited)",
				);
				GCC_WARN_64_TO_32_BIT_CONVERSION = YES;
				GCC_WARN_ABOUT_RETURN_TYPE = YES_ERROR;
				GCC_WARN_UNDECLARED_SELECTOR = YES;
				GCC_WARN_UNINITIALIZED_AUTOS = YES_AGGRESSIVE;
				GCC_WARN_UNUSED_FUNCTION = YES;
				GCC_WARN_UNUSED_VARIABLE = YES;
				IPHONEOS_DEPLOYMENT_TARGET = 12.4;
				MTL_ENABLE_DEBUG_INFO = INCLUDE_SOURCE;
				MTL_FAST_MATH = YES;
				ONLY_ACTIVE_ARCH = YES;
				SDKROOT = iphoneos;
				SWIFT_ACTIVE_COMPILATION_CONDITIONS = DEBUG;
				SWIFT_OPTIMIZATION_LEVEL = "-Onone";
			};
			name = Debug;
		};
		52D81DC422ED8FBC004B8431 /* Release */ = {
			isa = XCBuildConfiguration;
			buildSettings = {
				ALWAYS_SEARCH_USER_PATHS = NO;
				CLANG_ANALYZER_NONNULL = YES;
				CLANG_ANALYZER_NUMBER_OBJECT_CONVERSION = YES_AGGRESSIVE;
				CLANG_CXX_LANGUAGE_STANDARD = "gnu++14";
				CLANG_CXX_LIBRARY = "libc++";
				CLANG_ENABLE_MODULES = YES;
				CLANG_ENABLE_OBJC_ARC = YES;
				CLANG_ENABLE_OBJC_WEAK = YES;
				CLANG_WARN_BLOCK_CAPTURE_AUTORELEASING = YES;
				CLANG_WARN_BOOL_CONVERSION = YES;
				CLANG_WARN_COMMA = YES;
				CLANG_WARN_CONSTANT_CONVERSION = YES;
				CLANG_WARN_DEPRECATED_OBJC_IMPLEMENTATIONS = YES;
				CLANG_WARN_DIRECT_OBJC_ISA_USAGE = YES_ERROR;
				CLANG_WARN_DOCUMENTATION_COMMENTS = YES;
				CLANG_WARN_EMPTY_BODY = YES;
				CLANG_WARN_ENUM_CONVERSION = YES;
				CLANG_WARN_INFINITE_RECURSION = YES;
				CLANG_WARN_INT_CONVERSION = YES;
				CLANG_WARN_NON_LITERAL_NULL_CONVERSION = YES;
				CLANG_WARN_OBJC_IMPLICIT_RETAIN_SELF = YES;
				CLANG_WARN_OBJC_LITERAL_CONVERSION = YES;
				CLANG_WARN_OBJC_ROOT_CLASS = YES_ERROR;
				CLANG_WARN_RANGE_LOOP_ANALYSIS = YES;
				CLANG_WARN_STRICT_PROTOTYPES = YES;
				CLANG_WARN_SUSPICIOUS_MOVE = YES;
				CLANG_WARN_UNGUARDED_AVAILABILITY = YES_AGGRESSIVE;
				CLANG_WARN_UNREACHABLE_CODE = YES;
				CLANG_WARN__DUPLICATE_METHOD_MATCH = YES;
				CODE_SIGN_IDENTITY = "iPhone Developer";
				COPY_PHASE_STRIP = NO;
				DEBUG_INFORMATION_FORMAT = "dwarf-with-dsym";
				ENABLE_NS_ASSERTIONS = NO;
				ENABLE_STRICT_OBJC_MSGSEND = YES;
				GCC_C_LANGUAGE_STANDARD = gnu11;
				GCC_NO_COMMON_BLOCKS = YES;
				GCC_WARN_64_TO_32_BIT_CONVERSION = YES;
				GCC_WARN_ABOUT_RETURN_TYPE = YES_ERROR;
				GCC_WARN_UNDECLARED_SELECTOR = YES;
				GCC_WARN_UNINITIALIZED_AUTOS = YES_AGGRESSIVE;
				GCC_WARN_UNUSED_FUNCTION = YES;
				GCC_WARN_UNUSED_VARIABLE = YES;
				IPHONEOS_DEPLOYMENT_TARGET = 12.4;
				MTL_ENABLE_DEBUG_INFO = NO;
				MTL_FAST_MATH = YES;
				SDKROOT = iphoneos;
				SWIFT_COMPILATION_MODE = wholemodule;
				SWIFT_OPTIMIZATION_LEVEL = "-O";
				VALIDATE_PRODUCT = YES;
			};
			name = Release;
		};
		52D81DC622ED8FBC004B8431 /* Debug */ = {
			isa = XCBuildConfiguration;
			buildSettings = {
				ASSETCATALOG_COMPILER_APPICON_NAME = AppIcon;
				CODE_SIGN_STYLE = Automatic;
				DEVELOPMENT_TEAM = 5K285D3RL3;
				INFOPLIST_FILE = "Beaches rating (MVC)/Info.plist";
				IPHONEOS_DEPLOYMENT_TARGET = 12.0;
				LD_RUNPATH_SEARCH_PATHS = (
					"$(inherited)",
					"@executable_path/Frameworks",
				);
				PRODUCT_BUNDLE_IDENTIFIER = "John-Kostanov.Beaches-rating--MVC-";
				PRODUCT_NAME = "$(TARGET_NAME)";
				SWIFT_VERSION = 5.0;
				TARGETED_DEVICE_FAMILY = "1,2";
			};
			name = Debug;
		};
		52D81DC722ED8FBC004B8431 /* Release */ = {
			isa = XCBuildConfiguration;
			buildSettings = {
				ASSETCATALOG_COMPILER_APPICON_NAME = AppIcon;
				CODE_SIGN_STYLE = Automatic;
				DEVELOPMENT_TEAM = 5K285D3RL3;
				INFOPLIST_FILE = "Beaches rating (MVC)/Info.plist";
				IPHONEOS_DEPLOYMENT_TARGET = 12.0;
				LD_RUNPATH_SEARCH_PATHS = (
					"$(inherited)",
					"@executable_path/Frameworks",
				);
				PRODUCT_BUNDLE_IDENTIFIER = "John-Kostanov.Beaches-rating--MVC-";
				PRODUCT_NAME = "$(TARGET_NAME)";
				SWIFT_VERSION = 5.0;
				TARGETED_DEVICE_FAMILY = "1,2";
			};
			name = Release;
		};
/* End XCBuildConfiguration section */

/* Begin XCConfigurationList section */
		52D81DAE22ED8FBB004B8431 /* Build configuration list for PBXProject "Beaches rating (MVC)" */ = {
			isa = XCConfigurationList;
			buildConfigurations = (
				52D81DC322ED8FBC004B8431 /* Debug */,
				52D81DC422ED8FBC004B8431 /* Release */,
			);
			defaultConfigurationIsVisible = 0;
			defaultConfigurationName = Release;
		};
		52D81DC522ED8FBC004B8431 /* Build configuration list for PBXNativeTarget "Beaches rating (MVC)" */ = {
			isa = XCConfigurationList;
			buildConfigurations = (
				52D81DC622ED8FBC004B8431 /* Debug */,
				52D81DC722ED8FBC004B8431 /* Release */,
			);
			defaultConfigurationIsVisible = 0;
			defaultConfigurationName = Release;
		};
/* End XCConfigurationList section */
	};
	rootObject = 52D81DAB22ED8FBB004B8431 /* Project object */;
}
